
Microsoft Visual Studio Solution File, Format Version 12.00
# Visual Studio 15
VisualStudioVersion = 15.0.26430.14
MinimumVisualStudioVersion = 10.0.40219.1
Project("{FAE04EC0-301F-11D3-BF4B-00C04F79EFBC}") = "TestCoppel.Core", "TestCoppel.Core\TestCoppel.Core.csproj", "{31FE92A0-F208-4DC5-A545-70C48A729244}"
EndProject
Project("{FAE04EC0-301F-11D3-BF4B-00C04F79EFBC}") = "TestCoppel.Web", "TestCoppel.Web\TestCoppel.Web.csproj", "{83408BAA-CDA6-43ED-AF69-CA3FDDFF8569}"
EndProject
Global
	GlobalSection(SolutionConfigurationPlatforms) = preSolution
		Debug|Any CPU = Debug|Any CPU
		Release|Any CPU = Release|Any CPU
	EndGlobalSection
	GlobalSection(ProjectConfigurationPlatforms) = postSolution
		{31FE92A0-F208-4DC5-A545-70C48A729244}.Debug|Any CPU.ActiveCfg = Debug|Any CPU
		{31FE92A0-F208-4DC5-A545-70C48A729244}.Debug|Any CPU.Build.0 = Debug|Any CPU
		{31FE92A0-F208-4DC5-A545-70C48A729244}.Release|Any CPU.ActiveCfg = Release|Any CPU
		{31FE92A0-F208-4DC5-A545-70C48A729244}.Release|Any CPU.Build.0 = Release|Any CPU
		{83408BAA-CDA6-43ED-AF69-CA3FDDFF8569}.Debug|Any CPU.ActiveCfg = Debug|Any CPU
		{83408BAA-CDA6-43ED-AF69-CA3FDDFF8569}.Debug|Any CPU.Build.0 = Debug|Any CPU
		{83408BAA-CDA6-43ED-AF69-CA3FDDFF8569}.Release|Any CPU.ActiveCfg = Release|Any CPU
		{83408BAA-CDA6-43ED-AF69-CA3FDDFF8569}.Release|Any CPU.Build.0 = Release|Any CPU
	EndGlobalSection
	GlobalSection(SolutionProperties) = preSolution
		HideSolutionNode = FALSE
	EndGlobalSection
EndGlobal
